
Microsoft Visual Studio Solution File, Format Version 12.00
# Visual Studio Version 16
VisualStudioVersion = 16.0.28803.156
MinimumVisualStudioVersion = 10.0.40219.1
Project("{9A19103F-16F7-4668-BE54-9A1E7A4F7556}") = "RegexLineExtractor", "RegexLineExtractor.csproj", "{8F573704-CE33-41CD-A4F6-AB24422DE926}"
EndProject
Global
	GlobalSection(SolutionConfigurationPlatforms) = preSolution
		Debug|Any CPU = Debug|Any CPU
		Release|Any CPU = Release|Any CPU
	EndGlobalSection
	GlobalSection(ProjectConfigurationPlatforms) = postSolution
		{8F573704-CE33-41CD-A4F6-AB24422DE926}.Debug|Any CPU.ActiveCfg = Debug|Any CPU
		{8F573704-CE33-41CD-A4F6-AB24422DE926}.Debug|Any CPU.Build.0 = Debug|Any CPU
		{8F573704-CE33-41CD-A4F6-AB24422DE926}.Release|Any CPU.ActiveCfg = Release|Any CPU
		{8F573704-CE33-41CD-A4F6-AB24422DE926}.Release|Any CPU.Build.0 = Release|Any CPU
	EndGlobalSection
	GlobalSection(SolutionProperties) = preSolution
		HideSolutionNode = FALSE
	EndGlobalSection
	GlobalSection(ExtensibilityGlobals) = postSolution
		SolutionGuid = {AE668D86-754C-41A2-A1A5-948A49206B4A}
	EndGlobalSection
EndGlobal
